// !$*UTF8*$!
{
	archiveVersion = 1;
	classes = {
	};
	objectVersion = 55;
	objects = {

/* Begin PBXBuildFile section */
		11B4F0952777EF2700FD1A6B /* Restart_AppApp.swift in Sources */ = {isa = PBXBuildFile; fileRef = 11B4F0942777EF2700FD1A6B /* Restart_AppApp.swift */; };
		11B4F0972777EF2700FD1A6B /* ContentView.swift in Sources */ = {isa = PBXBuildFile; fileRef = 11B4F0962777EF2700FD1A6B /* ContentView.swift */; };
		11B4F0992777EF2800FD1A6B /* Assets.xcassets in Resources */ = {isa = PBXBuildFile; fileRef = 11B4F0982777EF2800FD1A6B /* Assets.xcassets */; };
		11B4F09C2777EF2800FD1A6B /* Preview Assets.xcassets in Resources */ = {isa = PBXBuildFile; fileRef = 11B4F09B2777EF2800FD1A6B /* Preview Assets.xcassets */; };
		11B4F0A62777EF2800FD1A6B /* Restart_AppTests.swift in Sources */ = {isa = PBXBuildFile; fileRef = 11B4F0A52777EF2800FD1A6B /* Restart_AppTests.swift */; };
		11B4F0B02777EF2800FD1A6B /* Restart_AppUITests.swift in Sources */ = {isa = PBXBuildFile; fileRef = 11B4F0AF2777EF2800FD1A6B /* Restart_AppUITests.swift */; };
		11B4F0B22777EF2800FD1A6B /* Restart_AppUITestsLaunchTests.swift in Sources */ = {isa = PBXBuildFile; fileRef = 11B4F0B12777EF2800FD1A6B /* Restart_AppUITestsLaunchTests.swift */; };
/* End PBXBuildFile section */

/* Begin PBXContainerItemProxy section */
		11B4F0A22777EF2800FD1A6B /* PBXContainerItemProxy */ = {
			isa = PBXContainerItemProxy;
			containerPortal = 11B4F0892777EF2600FD1A6B /* Project object */;
			proxyType = 1;
			remoteGlobalIDString = 11B4F0902777EF2600FD1A6B;
			remoteInfo = "Restart App";
		};
		11B4F0AC2777EF2800FD1A6B /* PBXContainerItemProxy */ = {
			isa = PBXContainerItemProxy;
			containerPortal = 11B4F0892777EF2600FD1A6B /* Project object */;
			proxyType = 1;
			remoteGlobalIDString = 11B4F0902777EF2600FD1A6B;
			remoteInfo = "Restart App";
		};
/* End PBXContainerItemProxy section */

/* Begin PBXFileReference section */
		11B4F0912777EF2600FD1A6B /* Restart App.app */ = {isa = PBXFileReference; explicitFileType = wrapper.application; includeInIndex = 0; path = "Restart App.app"; sourceTree = BUILT_PRODUCTS_DIR; };
		11B4F0942777EF2700FD1A6B /* Restart_AppApp.swift */ = {isa = PBXFileReference; lastKnownFileType = sourcecode.swift; path = Restart_AppApp.swift; sourceTree = "<group>"; };
		11B4F0962777EF2700FD1A6B /* ContentView.swift */ = {isa = PBXFileReference; lastKnownFileType = sourcecode.swift; path = ContentView.swift; sourceTree = "<group>"; };
		11B4F0982777EF2800FD1A6B /* Assets.xcassets */ = {isa = PBXFileReference; lastKnownFileType = folder.assetcatalog; path = Assets.xcassets; sourceTree = "<group>"; };
		11B4F09B2777EF2800FD1A6B /* Preview Assets.xcassets */ = {isa = PBXFileReference; lastKnownFileType = folder.assetcatalog; path = "Preview Assets.xcassets"; sourceTree = "<group>"; };
		11B4F0A12777EF2800FD1A6B /* Restart AppTests.xctest */ = {isa = PBXFileReference; explicitFileType = wrapper.cfbundle; includeInIndex = 0; path = "Restart AppTests.xctest"; sourceTree = BUILT_PRODUCTS_DIR; };
		11B4F0A52777EF2800FD1A6B /* Restart_AppTests.swift */ = {isa = PBXFileReference; lastKnownFileType = sourcecode.swift; path = Restart_AppTests.swift; sourceTree = "<group>"; };
		11B4F0AB2777EF2800FD1A6B /* Restart AppUITests.xctest */ = {isa = PBXFileReference; explicitFileType = wrapper.cfbundle; includeInIndex = 0; path = "Restart AppUITests.xctest"; sourceTree = BUILT_PRODUCTS_DIR; };
		11B4F0AF2777EF2800FD1A6B /* Restart_AppUITests.swift */ = {isa = PBXFileReference; lastKnownFileType = sourcecode.swift; path = Restart_AppUITests.swift; sourceTree = "<group>"; };
		11B4F0B12777EF2800FD1A6B /* Restart_AppUITestsLaunchTests.swift */ = {isa = PBXFileReference; lastKnownFileType = sourcecode.swift; path = Restart_AppUITestsLaunchTests.swift; sourceTree = "<group>"; };
/* End PBXFileReference section */

/* Begin PBXFrameworksBuildPhase section */
		11B4F08E2777EF2600FD1A6B /* Frameworks */ = {
			isa = PBXFrameworksBuildPhase;
			buildActionMask = 2147483647;
			files = (
			);
			runOnlyForDeploymentPostprocessing = 0;
		};
		11B4F09E2777EF2800FD1A6B /* Frameworks */ = {
			isa = PBXFrameworksBuildPhase;
			buildActionMask = 2147483647;
			files = (
			);
			runOnlyForDeploymentPostprocessing = 0;
		};
		11B4F0A82777EF2800FD1A6B /* Frameworks */ = {
			isa = PBXFrameworksBuildPhase;
			buildActionMask = 2147483647;
			files = (
			);
			runOnlyForDeploymentPostprocessing = 0;
		};
/* End PBXFrameworksBuildPhase section */

/* Begin PBXGroup section */
		11B4F0882777EF2600FD1A6B = {
			isa = PBXGroup;
			children = (
				11B4F0932777EF2700FD1A6B /* Restart App */,
				11B4F0A42777EF2800FD1A6B /* Restart AppTests */,
				11B4F0AE2777EF2800FD1A6B /* Restart AppUITests */,
				11B4F0922777EF2600FD1A6B /* Products */,
			);
			sourceTree = "<group>";
		};
		11B4F0922777EF2600FD1A6B /* Products */ = {
			isa = PBXGroup;
			children = (
				11B4F0912777EF2600FD1A6B /* Restart App.app */,
				11B4F0A12777EF2800FD1A6B /* Restart AppTests.xctest */,
				11B4F0AB2777EF2800FD1A6B /* Restart AppUITests.xctest */,
			);
			name = Products;
			sourceTree = "<group>";
		};
		11B4F0932777EF2700FD1A6B /* Restart App */ = {
			isa = PBXGroup;
			children = (
				11B4F0942777EF2700FD1A6B /* Restart_AppApp.swift */,
				11B4F0962777EF2700FD1A6B /* ContentView.swift */,
				11B4F0982777EF2800FD1A6B /* Assets.xcassets */,
				11B4F09A2777EF2800FD1A6B /* Preview Content */,
			);
			path = "Restart App";
			sourceTree = "<group>";
		};
		11B4F09A2777EF2800FD1A6B /* Preview Content */ = {
			isa = PBXGroup;
			children = (
				11B4F09B2777EF2800FD1A6B /* Preview Assets.xcassets */,
			);
			path = "Preview Content";
			sourceTree = "<group>";
		};
		11B4F0A42777EF2800FD1A6B /* Restart AppTests */ = {
			isa = PBXGroup;
			children = (
				11B4F0A52777EF2800FD1A6B /* Restart_AppTests.swift */,
			);
			path = "Restart AppTests";
			sourceTree = "<group>";
		};
		11B4F0AE2777EF2800FD1A6B /* Restart AppUITests */ = {
			isa = PBXGroup;
			children = (
				11B4F0AF2777EF2800FD1A6B /* Restart_AppUITests.swift */,
				11B4F0B12777EF2800FD1A6B /* Restart_AppUITestsLaunchTests.swift */,
			);
			path = "Restart AppUITests";
			sourceTree = "<group>";
		};
/* End PBXGroup section */

/* Begin PBXNativeTarget section */
		11B4F0902777EF2600FD1A6B /* Restart App */ = {
			isa = PBXNativeTarget;
			buildConfigurationList = 11B4F0B52777EF2800FD1A6B /* Build configuration list for PBXNativeTarget "Restart App" */;
			buildPhases = (
				11B4F08D2777EF2600FD1A6B /* Sources */,
				11B4F08E2777EF2600FD1A6B /* Frameworks */,
				11B4F08F2777EF2600FD1A6B /* Resources */,
			);
			buildRules = (
			);
			dependencies = (
			);
			name = "Restart App";
			productName = "Restart App";
			productReference = 11B4F0912777EF2600FD1A6B /* Restart App.app */;
			productType = "com.apple.product-type.application";
		};
		11B4F0A02777EF2800FD1A6B /* Restart AppTests */ = {
			isa = PBXNativeTarget;
			buildConfigurationList = 11B4F0B82777EF2800FD1A6B /* Build configuration list for PBXNativeTarget "Restart AppTests" */;
			buildPhases = (
				11B4F09D2777EF2800FD1A6B /* Sources */,
				11B4F09E2777EF2800FD1A6B /* Frameworks */,
				11B4F09F2777EF2800FD1A6B /* Resources */,
			);
			buildRules = (
			);
			dependencies = (
				11B4F0A32777EF2800FD1A6B /* PBXTargetDependency */,
			);
			name = "Restart AppTests";
			productName = "Restart AppTests";
			productReference = 11B4F0A12777EF2800FD1A6B /* Restart AppTests.xctest */;
			productType = "com.apple.product-type.bundle.unit-test";
		};
		11B4F0AA2777EF2800FD1A6B /* Restart AppUITests */ = {
			isa = PBXNativeTarget;
			buildConfigurationList = 11B4F0BB2777EF2800FD1A6B /* Build configuration list for PBXNativeTarget "Restart AppUITests" */;
			buildPhases = (
				11B4F0A72777EF2800FD1A6B /* Sources */,
				11B4F0A82777EF2800FD1A6B /* Frameworks */,
				11B4F0A92777EF2800FD1A6B /* Resources */,
			);
			buildRules = (
			);
			dependencies = (
				11B4F0AD2777EF2800FD1A6B /* PBXTargetDependency */,
			);
			name = "Restart AppUITests";
			productName = "Restart AppUITests";
			productReference = 11B4F0AB2777EF2800FD1A6B /* Restart AppUITests.xctest */;
			productType = "com.apple.product-type.bundle.ui-testing";
		};
/* End PBXNativeTarget section */

/* Begin PBXProject section */
		11B4F0892777EF2600FD1A6B /* Project object */ = {
			isa = PBXProject;
			attributes = {
				BuildIndependentTargetsInParallel = 1;
				LastSwiftUpdateCheck = 1320;
				LastUpgradeCheck = 1320;
				TargetAttributes = {
					11B4F0902777EF2600FD1A6B = {
						CreatedOnToolsVersion = 13.2.1;
					};
					11B4F0A02777EF2800FD1A6B = {
						CreatedOnToolsVersion = 13.2.1;
						TestTargetID = 11B4F0902777EF2600FD1A6B;
					};
					11B4F0AA2777EF2800FD1A6B = {
						CreatedOnToolsVersion = 13.2.1;
						TestTargetID = 11B4F0902777EF2600FD1A6B;
					};
				};
			};
			buildConfigurationList = 11B4F08C2777EF2600FD1A6B /* Build configuration list for PBXProject "Restart App" */;
			compatibilityVersion = "Xcode 13.0";
			developmentRegion = en;
			hasScannedForEncodings = 0;
			knownRegions = (
				en,
				Base,
			);
			mainGroup = 11B4F0882777EF2600FD1A6B;
			productRefGroup = 11B4F0922777EF2600FD1A6B /* Products */;
			projectDirPath = "";
			projectRoot = "";
			targets = (
				11B4F0902777EF2600FD1A6B /* Restart App */,
				11B4F0A02777EF2800FD1A6B /* Restart AppTests */,
				11B4F0AA2777EF2800FD1A6B /* Restart AppUITests */,
			);
		};
/* End PBXProject section */

/* Begin PBXResourcesBuildPhase section */
		11B4F08F2777EF2600FD1A6B /* Resources */ = {
			isa = PBXResourcesBuildPhase;
			buildActionMask = 2147483647;
			files = (
				11B4F09C2777EF2800FD1A6B /* Preview Assets.xcassets in Resources */,
				11B4F0992777EF2800FD1A6B /* Assets.xcassets in Resources */,
			);
			runOnlyForDeploymentPostprocessing = 0;
		};
		11B4F09F2777EF2800FD1A6B /* Resources */ = {
			isa = PBXResourcesBuildPhase;
			buildActionMask = 2147483647;
			files = (
			);
			runOnlyForDeploymentPostprocessing = 0;
		};
		11B4F0A92777EF2800FD1A6B /* Resources */ = {
			isa = PBXResourcesBuildPhase;
			buildActionMask = 2147483647;
			files = (
			);
			runOnlyForDeploymentPostprocessing = 0;
		};
/* End PBXResourcesBuildPhase section */

/* Begin PBXSourcesBuildPhase section */
		11B4F08D2777EF2600FD1A6B /* Sources */ = {
			isa = PBXSourcesBuildPhase;
			buildActionMask = 2147483647;
			files = (
				11B4F0972777EF2700FD1A6B /* ContentView.swift in Sources */,
				11B4F0952777EF2700FD1A6B /* Restart_AppApp.swift in Sources */,
			);
			runOnlyForDeploymentPostprocessing = 0;
		};
		11B4F09D2777EF2800FD1A6B /* Sources */ = {
			isa = PBXSourcesBuildPhase;
			buildActionMask = 2147483647;
			files = (
				11B4F0A62777EF2800FD1A6B /* Restart_AppTests.swift in Sources */,
			);
			runOnlyForDeploymentPostprocessing = 0;
		};
		11B4F0A72777EF2800FD1A6B /* Sources */ = {
			isa = PBXSourcesBuildPhase;
			buildActionMask = 2147483647;
			files = (
				11B4F0B22777EF2800FD1A6B /* Restart_AppUITestsLaunchTests.swift in Sources */,
				11B4F0B02777EF2800FD1A6B /* Restart_AppUITests.swift in Sources */,
			);
			runOnlyForDeploymentPostprocessing = 0;
		};
/* End PBXSourcesBuildPhase section */

/* Begin PBXTargetDependency section */
		11B4F0A32777EF2800FD1A6B /* PBXTargetDependency */ = {
			isa = PBXTargetDependency;
			target = 11B4F0902777EF2600FD1A6B /* Restart App */;
			targetProxy = 11B4F0A22777EF2800FD1A6B /* PBXContainerItemProxy */;
		};
		11B4F0AD2777EF2800FD1A6B /* PBXTargetDependency */ = {
			isa = PBXTargetDependency;
			target = 11B4F0902777EF2600FD1A6B /* Restart App */;
			targetProxy = 11B4F0AC2777EF2800FD1A6B /* PBXContainerItemProxy */;
		};
/* End PBXTargetDependency section */

/* Begin XCBuildConfiguration section */
		11B4F0B32777EF2800FD1A6B /* Debug */ = {
			isa = XCBuildConfiguration;
			buildSettings = {
				ALWAYS_SEARCH_USER_PATHS = NO;
				CLANG_ANALYZER_NONNULL = YES;
				CLANG_ANALYZER_NUMBER_OBJECT_CONVERSION = YES_AGGRESSIVE;
				CLANG_CXX_LANGUAGE_STANDARD = "gnu++17";
				CLANG_CXX_LIBRARY = "libc++";
				CLANG_ENABLE_MODULES = YES;
				CLANG_ENABLE_OBJC_ARC = YES;
				CLANG_ENABLE_OBJC_WEAK = YES;
				CLANG_WARN_BLOCK_CAPTURE_AUTORELEASING = YES;
				CLANG_WARN_BOOL_CONVERSION = YES;
				CLANG_WARN_COMMA = YES;
				CLANG_WARN_CONSTANT_CONVERSION = YES;
				CLANG_WARN_DEPRECATED_OBJC_IMPLEMENTATIONS = YES;
				CLANG_WARN_DIRECT_OBJC_ISA_USAGE = YES_ERROR;
				CLANG_WARN_DOCUMENTATION_COMMENTS = YES;
				CLANG_WARN_EMPTY_BODY = YES;
				CLANG_WARN_ENUM_CONVERSION = YES;
				CLANG_WARN_INFINITE_RECURSION = YES;
				CLANG_WARN_INT_CONVERSION = YES;
				CLANG_WARN_NON_LITERAL_NULL_CONVERSION = YES;
				CLANG_WARN_OBJC_IMPLICIT_RETAIN_SELF = YES;
				CLANG_WARN_OBJC_LITERAL_CONVERSION = YES;
				CLANG_WARN_OBJC_ROOT_CLASS = YES_ERROR;
				CLANG_WARN_QUOTED_INCLUDE_IN_FRAMEWORK_HEADER = YES;
				CLANG_WARN_RANGE_LOOP_ANALYSIS = YES;
				CLANG_WARN_STRICT_PROTOTYPES = YES;
				CLANG_WARN_SUSPICIOUS_MOVE = YES;
				CLANG_WARN_UNGUARDED_AVAILABILITY = YES_AGGRESSIVE;
				CLANG_WARN_UNREACHABLE_CODE = YES;
				CLANG_WARN__DUPLICATE_METHOD_MATCH = YES;
				COPY_PHASE_STRIP = NO;
				DEBUG_INFORMATION_FORMAT = dwarf;
				ENABLE_STRICT_OBJC_MSGSEND = YES;
				ENABLE_TESTABILITY = YES;
				GCC_C_LANGUAGE_STANDARD = gnu11;
				GCC_DYNAMIC_NO_PIC = NO;
				GCC_NO_COMMON_BLOCKS = YES;
				GCC_OPTIMIZATION_LEVEL = 0;
				GCC_PREPROCESSOR_DEFINITIONS = (
					"DEBUG=1",
					"$(inherited)",
				);
				GCC_WARN_64_TO_32_BIT_CONVERSION = YES;
				GCC_WARN_ABOUT_RETURN_TYPE = YES_ERROR;
				GCC_WARN_UNDECLARED_SELECTOR = YES;
				GCC_WARN_UNINITIALIZED_AUTOS = YES_AGGRESSIVE;
				GCC_WARN_UNUSED_FUNCTION = YES;
				GCC_WARN_UNUSED_VARIABLE = YES;
				IPHONEOS_DEPLOYMENT_TARGET = 15.2;
				MTL_ENABLE_DEBUG_INFO = INCLUDE_SOURCE;
				MTL_FAST_MATH = YES;
				ONLY_ACTIVE_ARCH = YES;
				SDKROOT = iphoneos;
				SWIFT_ACTIVE_COMPILATION_CONDITIONS = DEBUG;
				SWIFT_OPTIMIZATION_LEVEL = "-Onone";
			};
			name = Debug;
		};
		11B4F0B42777EF2800FD1A6B /* Release */ = {
			isa = XCBuildConfiguration;
			buildSettings = {
				ALWAYS_SEARCH_USER_PATHS = NO;
				CLANG_ANALYZER_NONNULL = YES;
				CLANG_ANALYZER_NUMBER_OBJECT_CONVERSION = YES_AGGRESSIVE;
				CLANG_CXX_LANGUAGE_STANDARD = "gnu++17";
				CLANG_CXX_LIBRARY = "libc++";
				CLANG_ENABLE_MODULES = YES;
				CLANG_ENABLE_OBJC_ARC = YES;
				CLANG_ENABLE_OBJC_WEAK = YES;
				CLANG_WARN_BLOCK_CAPTURE_AUTORELEASING = YES;
				CLANG_WARN_BOOL_CONVERSION = YES;
				CLANG_WARN_COMMA = YES;
				CLANG_WARN_CONSTANT_CONVERSION = YES;
				CLANG_WARN_DEPRECATED_OBJC_IMPLEMENTATIONS = YES;
				CLANG_WARN_DIRECT_OBJC_ISA_USAGE = YES_ERROR;
				CLANG_WARN_DOCUMENTATION_COMMENTS = YES;
				CLANG_WARN_EMPTY_BODY = YES;
				CLANG_WARN_ENUM_CONVERSION = YES;
				CLANG_WARN_INFINITE_RECURSION = YES;
				CLANG_WARN_INT_CONVERSION = YES;
				CLANG_WARN_NON_LITERAL_NULL_CONVERSION = YES;
				CLANG_WARN_OBJC_IMPLICIT_RETAIN_SELF = YES;
				CLANG_WARN_OBJC_LITERAL_CONVERSION = YES;
				CLANG_WARN_OBJC_ROOT_CLASS = YES_ERROR;
				CLANG_WARN_QUOTED_INCLUDE_IN_FRAMEWORK_HEADER = YES;
				CLANG_WARN_RANGE_LOOP_ANALYSIS = YES;
				CLANG_WARN_STRICT_PROTOTYPES = YES;
				CLANG_WARN_SUSPICIOUS_MOVE = YES;
				CLANG_WARN_UNGUARDED_AVAILABILITY = YES_AGGRESSIVE;
				CLANG_WARN_UNREACHABLE_CODE = YES;
				CLANG_WARN__DUPLICATE_METHOD_MATCH = YES;
				COPY_PHASE_STRIP = NO;
				DEBUG_INFORMATION_FORMAT = "dwarf-with-dsym";
				ENABLE_NS_ASSERTIONS = NO;
				ENABLE_STRICT_OBJC_MSGSEND = YES;
				GCC_C_LANGUAGE_STANDARD = gnu11;
				GCC_NO_COMMON_BLOCKS = YES;
				GCC_WARN_64_TO_32_BIT_CONVERSION = YES;
				GCC_WARN_ABOUT_RETURN_TYPE = YES_ERROR;
				GCC_WARN_UNDECLARED_SELECTOR = YES;
				GCC_WARN_UNINITIALIZED_AUTOS = YES_AGGRESSIVE;
				GCC_WARN_UNUSED_FUNCTION = YES;
				GCC_WARN_UNUSED_VARIABLE = YES;
				IPHONEOS_DEPLOYMENT_TARGET = 15.2;
				MTL_ENABLE_DEBUG_INFO = NO;
				MTL_FAST_MATH = YES;
				SDKROOT = iphoneos;
				SWIFT_COMPILATION_MODE = wholemodule;
				SWIFT_OPTIMIZATION_LEVEL = "-O";
				VALIDATE_PRODUCT = YES;
			};
			name = Release;
		};
		11B4F0B62777EF2800FD1A6B /* Debug */ = {
			isa = XCBuildConfiguration;
			buildSettings = {
				ASSETCATALOG_COMPILER_APPICON_NAME = AppIcon;
				ASSETCATALOG_COMPILER_GLOBAL_ACCENT_COLOR_NAME = AccentColor;
				CODE_SIGN_STYLE = Automatic;
				CURRENT_PROJECT_VERSION = 1;
				DEVELOPMENT_ASSET_PATHS = "\"Restart App/Preview Content\"";
				ENABLE_PREVIEWS = YES;
				GENERATE_INFOPLIST_FILE = YES;
				INFOPLIST_KEY_UIApplicationSceneManifest_Generation = YES;
				INFOPLIST_KEY_UIApplicationSupportsIndirectInputEvents = YES;
				INFOPLIST_KEY_UILaunchScreen_Generation = YES;
				INFOPLIST_KEY_UISupportedInterfaceOrientations_iPad = "UIInterfaceOrientationPortrait UIInterfaceOrientationPortraitUpsideDown UIInterfaceOrientationLandscapeLeft UIInterfaceOrientationLandscapeRight";
				INFOPLIST_KEY_UISupportedInterfaceOrientations_iPhone = "UIInterfaceOrientationPortrait UIInterfaceOrientationLandscapeLeft UIInterfaceOrientationLandscapeRight";
				IPHONEOS_DEPLOYMENT_TARGET = 15.2;
				LD_RUNPATH_SEARCH_PATHS = (
					"$(inherited)",
					"@executable_path/Frameworks",
				);
				MARKETING_VERSION = 1.0;
				PRODUCT_BUNDLE_IDENTIFIER = "com.sgriendt.Restart-App";
				PRODUCT_NAME = "$(TARGET_NAME)";
				SWIFT_EMIT_LOC_STRINGS = YES;
				SWIFT_VERSION = 5.0;
				TARGETED_DEVICE_FAMILY = "1,2";
			};
			name = Debug;
		};
		11B4F0B72777EF2800FD1A6B /* Release */ = {
			isa = XCBuildConfiguration;
			buildSettings = {
				ASSETCATALOG_COMPILER_APPICON_NAME = AppIcon;
				ASSETCATALOG_COMPILER_GLOBAL_ACCENT_COLOR_NAME = AccentColor;
				CODE_SIGN_STYLE = Automatic;
				CURRENT_PROJECT_VERSION = 1;
				DEVELOPMENT_ASSET_PATHS = "\"Restart App/Preview Content\"";
				ENABLE_PREVIEWS = YES;
				GENERATE_INFOPLIST_FILE = YES;
				INFOPLIST_KEY_UIApplicationSceneManifest_Generation = YES;
				INFOPLIST_KEY_UIApplicationSupportsIndirectInputEvents = YES;
				INFOPLIST_KEY_UILaunchScreen_Generation = YES;
				INFOPLIST_KEY_UISupportedInterfaceOrientations_iPad = "UIInterfaceOrientationPortrait UIInterfaceOrientationPortraitUpsideDown UIInterfaceOrientationLandscapeLeft UIInterfaceOrientationLandscapeRight";
				INFOPLIST_KEY_UISupportedInterfaceOrientations_iPhone = "UIInterfaceOrientationPortrait UIInterfaceOrientationLandscapeLeft UIInterfaceOrientationLandscapeRight";
				IPHONEOS_DEPLOYMENT_TARGET = 15.2;
				LD_RUNPATH_SEARCH_PATHS = (
					"$(inherited)",
					"@executable_path/Frameworks",
				);
				MARKETING_VERSION = 1.0;
				PRODUCT_BUNDLE_IDENTIFIER = "com.sgriendt.Restart-App";
				PRODUCT_NAME = "$(TARGET_NAME)";
				SWIFT_EMIT_LOC_STRINGS = YES;
				SWIFT_VERSION = 5.0;
				TARGETED_DEVICE_FAMILY = "1,2";
			};
			name = Release;
		};
		11B4F0B92777EF2800FD1A6B /* Debug */ = {
			isa = XCBuildConfiguration;
			buildSettings = {
				ALWAYS_EMBED_SWIFT_STANDARD_LIBRARIES = YES;
				BUNDLE_LOADER = "$(TEST_HOST)";
				CODE_SIGN_STYLE = Automatic;
				CURRENT_PROJECT_VERSION = 1;
				GENERATE_INFOPLIST_FILE = YES;
				IPHONEOS_DEPLOYMENT_TARGET = 15.2;
				MARKETING_VERSION = 1.0;
				PRODUCT_BUNDLE_IDENTIFIER = "com.sgriendt.Restart-AppTests";
				PRODUCT_NAME = "$(TARGET_NAME)";
				SWIFT_EMIT_LOC_STRINGS = NO;
				SWIFT_VERSION = 5.0;
				TARGETED_DEVICE_FAMILY = "1,2";
				TEST_HOST = "$(BUILT_PRODUCTS_DIR)/Restart App.app/Restart App";
			};
			name = Debug;
		};
		11B4F0BA2777EF2800FD1A6B /* Release */ = {
			isa = XCBuildConfiguration;
			buildSettings = {
				ALWAYS_EMBED_SWIFT_STANDARD_LIBRARIES = YES;
				BUNDLE_LOADER = "$(TEST_HOST)";
				CODE_SIGN_STYLE = Automatic;
				CURRENT_PROJECT_VERSION = 1;
				GENERATE_INFOPLIST_FILE = YES;
				IPHONEOS_DEPLOYMENT_TARGET = 15.2;
				MARKETING_VERSION = 1.0;
				PRODUCT_BUNDLE_IDENTIFIER = "com.sgriendt.Restart-AppTests";
				PRODUCT_NAME = "$(TARGET_NAME)";
				SWIFT_EMIT_LOC_STRINGS = NO;
				SWIFT_VERSION = 5.0;
				TARGETED_DEVICE_FAMILY = "1,2";
				TEST_HOST = "$(BUILT_PRODUCTS_DIR)/Restart App.app/Restart App";
			};
			name = Release;
		};
		11B4F0BC2777EF2800FD1A6B /* Debug */ = {
			isa = XCBuildConfiguration;
			buildSettings = {
				ALWAYS_EMBED_SWIFT_STANDARD_LIBRARIES = YES;
				CODE_SIGN_STYLE = Automatic;
				CURRENT_PROJECT_VERSION = 1;
				GENERATE_INFOPLIST_FILE = YES;
				MARKETING_VERSION = 1.0;
				PRODUCT_BUNDLE_IDENTIFIER = "com.sgriendt.Restart-AppUITests";
				PRODUCT_NAME = "$(TARGET_NAME)";
				SWIFT_EMIT_LOC_STRINGS = NO;
				SWIFT_VERSION = 5.0;
				TARGETED_DEVICE_FAMILY = "1,2";
				TEST_TARGET_NAME = "Restart App";
			};
			name = Debug;
		};
		11B4F0BD2777EF2800FD1A6B /* Release */ = {
			isa = XCBuildConfiguration;
			buildSettings = {
				ALWAYS_EMBED_SWIFT_STANDARD_LIBRARIES = YES;
				CODE_SIGN_STYLE = Automatic;
				CURRENT_PROJECT_VERSION = 1;
				GENERATE_INFOPLIST_FILE = YES;
				MARKETING_VERSION = 1.0;
				PRODUCT_BUNDLE_IDENTIFIER = "com.sgriendt.Restart-AppUITests";
				PRODUCT_NAME = "$(TARGET_NAME)";
				SWIFT_EMIT_LOC_STRINGS = NO;
				SWIFT_VERSION = 5.0;
				TARGETED_DEVICE_FAMILY = "1,2";
				TEST_TARGET_NAME = "Restart App";
			};
			name = Release;
		};
/* End XCBuildConfiguration section */

/* Begin XCConfigurationList section */
		11B4F08C2777EF2600FD1A6B /* Build configuration list for PBXProject "Restart App" */ = {
			isa = XCConfigurationList;
			buildConfigurations = (
				11B4F0B32777EF2800FD1A6B /* Debug */,
				11B4F0B42777EF2800FD1A6B /* Release */,
			);
			defaultConfigurationIsVisible = 0;
			defaultConfigurationName = Release;
		};
		11B4F0B52777EF2800FD1A6B /* Build configuration list for PBXNativeTarget "Restart App" */ = {
			isa = XCConfigurationList;
			buildConfigurations = (
				11B4F0B62777EF2800FD1A6B /* Debug */,
				11B4F0B72777EF2800FD1A6B /* Release */,
			);
			defaultConfigurationIsVisible = 0;
			defaultConfigurationName = Release;
		};
		11B4F0B82777EF2800FD1A6B /* Build configuration list for PBXNativeTarget "Restart AppTests" */ = {
			isa = XCConfigurationList;
			buildConfigurations = (
				11B4F0B92777EF2800FD1A6B /* Debug */,
				11B4F0BA2777EF2800FD1A6B /* Release */,
			);
			defaultConfigurationIsVisible = 0;
			defaultConfigurationName = Release;
		};
		11B4F0BB2777EF2800FD1A6B /* Build configuration list for PBXNativeTarget "Restart AppUITests" */ = {
			isa = XCConfigurationList;
			buildConfigurations = (
				11B4F0BC2777EF2800FD1A6B /* Debug */,
				11B4F0BD2777EF2800FD1A6B /* Release */,
			);
			defaultConfigurationIsVisible = 0;
			defaultConfigurationName = Release;
		};
/* End XCConfigurationList section */
	};
	rootObject = 11B4F0892777EF2600FD1A6B /* Project object */;
}
